
Microsoft Visual Studio Solution File, Format Version 12.00
# Visual Studio Express 2013 for Windows Desktop
VisualStudioVersion = 12.0.21005.1
MinimumVisualStudioVersion = 10.0.40219.1
Project("{FAE04EC0-301F-11D3-BF4B-00C04F79EFBC}") = "Exsamples", "LoopsHomework\Exsamples.csproj", "{C7237F6C-BF1D-40D8-BD87-AEC80A4BC800}"
EndProject
Project("{FAE04EC0-301F-11D3-BF4B-00C04F79EFBC}") = "Task1", "Task1\Task1.csproj", "{87B2BF10-E0CB-4A36-AF10-B78BD2B1020B}"
EndProject
Project("{FAE04EC0-301F-11D3-BF4B-00C04F79EFBC}") = "Task2", "Task2\Task2.csproj", "{12D1C9A0-6AD1-40C5-AC76-7DFB15F73820}"
EndProject
Project("{FAE04EC0-301F-11D3-BF4B-00C04F79EFBC}") = "Task3", "Task3\Task3.csproj", "{AC043D42-9DC0-4D38-A283-02ACCA7024A2}"
EndProject
Project("{FAE04EC0-301F-11D3-BF4B-00C04F79EFBC}") = "Task4", "Task4\Task4.csproj", "{9B936652-DB43-4D12-B178-072983C570D9}"
EndProject
Project("{FAE04EC0-301F-11D3-BF4B-00C04F79EFBC}") = "Task5", "Task5\Task5.csproj", "{ABFC9E1C-23A8-4F0F-90EA-52E793A75368}"
EndProject
Project("{FAE04EC0-301F-11D3-BF4B-00C04F79EFBC}") = "Task6", "Task6\Task6.csproj", "{1398892A-57BB-45D1-8F95-DF3090D3B378}"
EndProject
Project("{FAE04EC0-301F-11D3-BF4B-00C04F79EFBC}") = "Task7", "Task7\Task7.csproj", "{8733DE75-E1D1-4B26-B1AC-00F31845BEF5}"
EndProject
Project("{FAE04EC0-301F-11D3-BF4B-00C04F79EFBC}") = "Task8", "Task8\Task8.csproj", "{9B94C530-E9E5-43C7-9AEA-2D91AB51C4CB}"
EndProject
Project("{FAE04EC0-301F-11D3-BF4B-00C04F79EFBC}") = "Task9", "Task9\Task9.csproj", "{58EED6E5-640F-4376-B23A-CF20F8540F0F}"
EndProject
Project("{FAE04EC0-301F-11D3-BF4B-00C04F79EFBC}") = "Task10", "Task10\Task10.csproj", "{503F51E0-C88A-45A4-BC70-0FDF4D2B7403}"
EndProject
Project("{FAE04EC0-301F-11D3-BF4B-00C04F79EFBC}") = "Task11", "Task11\Task11.csproj", "{14BB9297-C659-4046-889F-B4BF2C939746}"
EndProject
Project("{FAE04EC0-301F-11D3-BF4B-00C04F79EFBC}") = "Task12", "Task12\Task12.csproj", "{BFDDD536-52AF-4A5E-A1DC-9DF761936160}"
EndProject
Project("{FAE04EC0-301F-11D3-BF4B-00C04F79EFBC}") = "Task13", "Task13\Task13.csproj", "{7700CDC0-34FA-410E-9F4F-AC9B7EB10739}"
EndProject
Project("{FAE04EC0-301F-11D3-BF4B-00C04F79EFBC}") = "Task14", "Task14\Task14.csproj", "{A5B7E3AA-47BB-4BD7-83A5-BF6DFB481570}"
EndProject
Project("{FAE04EC0-301F-11D3-BF4B-00C04F79EFBC}") = "Task15", "Task15\Task15.csproj", "{22B869D4-7056-494D-B4DE-81428D66B58B}"
EndProject
Project("{FAE04EC0-301F-11D3-BF4B-00C04F79EFBC}") = "Task16", "Task16\Task16.csproj", "{0558D988-869C-4EA3-9821-98664B2BA89A}"
EndProject
Project("{FAE04EC0-301F-11D3-BF4B-00C04F79EFBC}") = "Task 17", "Task 17\Task 17.csproj", "{0A8A65D9-9465-4BBB-83B9-30DFD6191BFA}"
EndProject
Project("{FAE04EC0-301F-11D3-BF4B-00C04F79EFBC}") = "Task18", "Task18\Task18.csproj", "{976D5AA3-4429-4060-B68C-4697A1EF712D}"
EndProject
Global
	GlobalSection(SolutionConfigurationPlatforms) = preSolution
		Debug|Any CPU = Debug|Any CPU
		Release|Any CPU = Release|Any CPU
	EndGlobalSection
	GlobalSection(ProjectConfigurationPlatforms) = postSolution
		{C7237F6C-BF1D-40D8-BD87-AEC80A4BC800}.Debug|Any CPU.ActiveCfg = Debug|Any CPU
		{C7237F6C-BF1D-40D8-BD87-AEC80A4BC800}.Debug|Any CPU.Build.0 = Debug|Any CPU
		{C7237F6C-BF1D-40D8-BD87-AEC80A4BC800}.Release|Any CPU.ActiveCfg = Release|Any CPU
		{C7237F6C-BF1D-40D8-BD87-AEC80A4BC800}.Release|Any CPU.Build.0 = Release|Any CPU
		{87B2BF10-E0CB-4A36-AF10-B78BD2B1020B}.Debug|Any CPU.ActiveCfg = Debug|Any CPU
		{87B2BF10-E0CB-4A36-AF10-B78BD2B1020B}.Debug|Any CPU.Build.0 = Debug|Any CPU
		{87B2BF10-E0CB-4A36-AF10-B78BD2B1020B}.Release|Any CPU.ActiveCfg = Release|Any CPU
		{87B2BF10-E0CB-4A36-AF10-B78BD2B1020B}.Release|Any CPU.Build.0 = Release|Any CPU
		{12D1C9A0-6AD1-40C5-AC76-7DFB15F73820}.Debug|Any CPU.ActiveCfg = Debug|Any CPU
		{12D1C9A0-6AD1-40C5-AC76-7DFB15F73820}.Debug|Any CPU.Build.0 = Debug|Any CPU
		{12D1C9A0-6AD1-40C5-AC76-7DFB15F73820}.Release|Any CPU.ActiveCfg = Release|Any CPU
		{12D1C9A0-6AD1-40C5-AC76-7DFB15F73820}.Release|Any CPU.Build.0 = Release|Any CPU
		{AC043D42-9DC0-4D38-A283-02ACCA7024A2}.Debug|Any CPU.ActiveCfg = Debug|Any CPU
		{AC043D42-9DC0-4D38-A283-02ACCA7024A2}.Debug|Any CPU.Build.0 = Debug|Any CPU
		{AC043D42-9DC0-4D38-A283-02ACCA7024A2}.Release|Any CPU.ActiveCfg = Release|Any CPU
		{AC043D42-9DC0-4D38-A283-02ACCA7024A2}.Release|Any CPU.Build.0 = Release|Any CPU
		{9B936652-DB43-4D12-B178-072983C570D9}.Debug|Any CPU.ActiveCfg = Debug|Any CPU
		{9B936652-DB43-4D12-B178-072983C570D9}.Debug|Any CPU.Build.0 = Debug|Any CPU
		{9B936652-DB43-4D12-B178-072983C570D9}.Release|Any CPU.ActiveCfg = Release|Any CPU
		{9B936652-DB43-4D12-B178-072983C570D9}.Release|Any CPU.Build.0 = Release|Any CPU
		{ABFC9E1C-23A8-4F0F-90EA-52E793A75368}.Debug|Any CPU.ActiveCfg = Debug|Any CPU
		{ABFC9E1C-23A8-4F0F-90EA-52E793A75368}.Debug|Any CPU.Build.0 = Debug|Any CPU
		{ABFC9E1C-23A8-4F0F-90EA-52E793A75368}.Release|Any CPU.ActiveCfg = Release|Any CPU
		{ABFC9E1C-23A8-4F0F-90EA-52E793A75368}.Release|Any CPU.Build.0 = Release|Any CPU
		{1398892A-57BB-45D1-8F95-DF3090D3B378}.Debug|Any CPU.ActiveCfg = Debug|Any CPU
		{1398892A-57BB-45D1-8F95-DF3090D3B378}.Debug|Any CPU.Build.0 = Debug|Any CPU
		{1398892A-57BB-45D1-8F95-DF3090D3B378}.Release|Any CPU.ActiveCfg = Release|Any CPU
		{1398892A-57BB-45D1-8F95-DF3090D3B378}.Release|Any CPU.Build.0 = Release|Any CPU
		{8733DE75-E1D1-4B26-B1AC-00F31845BEF5}.Debug|Any CPU.ActiveCfg = Debug|Any CPU
		{8733DE75-E1D1-4B26-B1AC-00F31845BEF5}.Debug|Any CPU.Build.0 = Debug|Any CPU
		{8733DE75-E1D1-4B26-B1AC-00F31845BEF5}.Release|Any CPU.ActiveCfg = Release|Any CPU
		{8733DE75-E1D1-4B26-B1AC-00F31845BEF5}.Release|Any CPU.Build.0 = Release|Any CPU
		{9B94C530-E9E5-43C7-9AEA-2D91AB51C4CB}.Debug|Any CPU.ActiveCfg = Debug|Any CPU
		{9B94C530-E9E5-43C7-9AEA-2D91AB51C4CB}.Debug|Any CPU.Build.0 = Debug|Any CPU
		{9B94C530-E9E5-43C7-9AEA-2D91AB51C4CB}.Release|Any CPU.ActiveCfg = Release|Any CPU
		{9B94C530-E9E5-43C7-9AEA-2D91AB51C4CB}.Release|Any CPU.Build.0 = Release|Any CPU
		{58EED6E5-640F-4376-B23A-CF20F8540F0F}.Debug|Any CPU.ActiveCfg = Debug|Any CPU
		{58EED6E5-640F-4376-B23A-CF20F8540F0F}.Debug|Any CPU.Build.0 = Debug|Any CPU
		{58EED6E5-640F-4376-B23A-CF20F8540F0F}.Release|Any CPU.ActiveCfg = Release|Any CPU
		{58EED6E5-640F-4376-B23A-CF20F8540F0F}.Release|Any CPU.Build.0 = Release|Any CPU
		{503F51E0-C88A-45A4-BC70-0FDF4D2B7403}.Debug|Any CPU.ActiveCfg = Debug|Any CPU
		{503F51E0-C88A-45A4-BC70-0FDF4D2B7403}.Debug|Any CPU.Build.0 = Debug|Any CPU
		{503F51E0-C88A-45A4-BC70-0FDF4D2B7403}.Release|Any CPU.ActiveCfg = Release|Any CPU
		{503F51E0-C88A-45A4-BC70-0FDF4D2B7403}.Release|Any CPU.Build.0 = Release|Any CPU
		{14BB9297-C659-4046-889F-B4BF2C939746}.Debug|Any CPU.ActiveCfg = Debug|Any CPU
		{14BB9297-C659-4046-889F-B4BF2C939746}.Debug|Any CPU.Build.0 = Debug|Any CPU
		{14BB9297-C659-4046-889F-B4BF2C939746}.Release|Any CPU.ActiveCfg = Release|Any CPU
		{14BB9297-C659-4046-889F-B4BF2C939746}.Release|Any CPU.Build.0 = Release|Any CPU
		{BFDDD536-52AF-4A5E-A1DC-9DF761936160}.Debug|Any CPU.ActiveCfg = Debug|Any CPU
		{BFDDD536-52AF-4A5E-A1DC-9DF761936160}.Debug|Any CPU.Build.0 = Debug|Any CPU
		{BFDDD536-52AF-4A5E-A1DC-9DF761936160}.Release|Any CPU.ActiveCfg = Release|Any CPU
		{BFDDD536-52AF-4A5E-A1DC-9DF761936160}.Release|Any CPU.Build.0 = Release|Any CPU
		{7700CDC0-34FA-410E-9F4F-AC9B7EB10739}.Debug|Any CPU.ActiveCfg = Debug|Any CPU
		{7700CDC0-34FA-410E-9F4F-AC9B7EB10739}.Debug|Any CPU.Build.0 = Debug|Any CPU
		{7700CDC0-34FA-410E-9F4F-AC9B7EB10739}.Release|Any CPU.ActiveCfg = Release|Any CPU
		{7700CDC0-34FA-410E-9F4F-AC9B7EB10739}.Release|Any CPU.Build.0 = Release|Any CPU
		{A5B7E3AA-47BB-4BD7-83A5-BF6DFB481570}.Debug|Any CPU.ActiveCfg = Debug|Any CPU
		{A5B7E3AA-47BB-4BD7-83A5-BF6DFB481570}.Debug|Any CPU.Build.0 = Debug|Any CPU
		{A5B7E3AA-47BB-4BD7-83A5-BF6DFB481570}.Release|Any CPU.ActiveCfg = Release|Any CPU
		{A5B7E3AA-47BB-4BD7-83A5-BF6DFB481570}.Release|Any CPU.Build.0 = Release|Any CPU
		{22B869D4-7056-494D-B4DE-81428D66B58B}.Debug|Any CPU.ActiveCfg = Debug|Any CPU
		{22B869D4-7056-494D-B4DE-81428D66B58B}.Debug|Any CPU.Build.0 = Debug|Any CPU
		{22B869D4-7056-494D-B4DE-81428D66B58B}.Release|Any CPU.ActiveCfg = Release|Any CPU
		{22B869D4-7056-494D-B4DE-81428D66B58B}.Release|Any CPU.Build.0 = Release|Any CPU
		{0558D988-869C-4EA3-9821-98664B2BA89A}.Debug|Any CPU.ActiveCfg = Debug|Any CPU
		{0558D988-869C-4EA3-9821-98664B2BA89A}.Debug|Any CPU.Build.0 = Debug|Any CPU
		{0558D988-869C-4EA3-9821-98664B2BA89A}.Release|Any CPU.ActiveCfg = Release|Any CPU
		{0558D988-869C-4EA3-9821-98664B2BA89A}.Release|Any CPU.Build.0 = Release|Any CPU
		{0A8A65D9-9465-4BBB-83B9-30DFD6191BFA}.Debug|Any CPU.ActiveCfg = Debug|Any CPU
		{0A8A65D9-9465-4BBB-83B9-30DFD6191BFA}.Debug|Any CPU.Build.0 = Debug|Any CPU
		{0A8A65D9-9465-4BBB-83B9-30DFD6191BFA}.Release|Any CPU.ActiveCfg = Release|Any CPU
		{0A8A65D9-9465-4BBB-83B9-30DFD6191BFA}.Release|Any CPU.Build.0 = Release|Any CPU
		{976D5AA3-4429-4060-B68C-4697A1EF712D}.Debug|Any CPU.ActiveCfg = Debug|Any CPU
		{976D5AA3-4429-4060-B68C-4697A1EF712D}.Debug|Any CPU.Build.0 = Debug|Any CPU
		{976D5AA3-4429-4060-B68C-4697A1EF712D}.Release|Any CPU.ActiveCfg = Release|Any CPU
		{976D5AA3-4429-4060-B68C-4697A1EF712D}.Release|Any CPU.Build.0 = Release|Any CPU
	EndGlobalSection
	GlobalSection(SolutionProperties) = preSolution
		HideSolutionNode = FALSE
	EndGlobalSection
EndGlobal
